
Microsoft Visual Studio Solution File, Format Version 12.00
# Visual Studio Version 17
VisualStudioVersion = 17.8.34330.188
MinimumVisualStudioVersion = 10.0.40219.1
Project("{9A19103F-16F7-4668-BE54-9A1E7A4F7556}") = "Learn.Web", "Learn.Web\Learn.Web.csproj", "{1457E243-85C6-454F-8AEF-1DDAA83EBF5B}"
EndProject
Project("{FAE04EC0-301F-11D3-BF4B-00C04F79EFBC}") = "Learn.Services", "Learn.Services\Learn.Services.csproj", "{7D1914B0-3D37-4E90-B5EB-C697ECBD36C1}"
EndProject
Project("{FAE04EC0-301F-11D3-BF4B-00C04F79EFBC}") = "Lear.Data", "Lear.Data\Lear.Data.csproj", "{DC5EACF0-A8A1-4D85-B405-6745B9D8BEAF}"
EndProject
Global
	GlobalSection(SolutionConfigurationPlatforms) = preSolution
		Debug|Any CPU = Debug|Any CPU
		Release|Any CPU = Release|Any CPU
	EndGlobalSection
	GlobalSection(ProjectConfigurationPlatforms) = postSolution
		{1457E243-85C6-454F-8AEF-1DDAA83EBF5B}.Debug|Any CPU.ActiveCfg = Debug|Any CPU
		{1457E243-85C6-454F-8AEF-1DDAA83EBF5B}.Debug|Any CPU.Build.0 = Debug|Any CPU
		{1457E243-85C6-454F-8AEF-1DDAA83EBF5B}.Release|Any CPU.ActiveCfg = Release|Any CPU
		{1457E243-85C6-454F-8AEF-1DDAA83EBF5B}.Release|Any CPU.Build.0 = Release|Any CPU
		{7D1914B0-3D37-4E90-B5EB-C697ECBD36C1}.Debug|Any CPU.ActiveCfg = Debug|Any CPU
		{7D1914B0-3D37-4E90-B5EB-C697ECBD36C1}.Debug|Any CPU.Build.0 = Debug|Any CPU
		{7D1914B0-3D37-4E90-B5EB-C697ECBD36C1}.Release|Any CPU.ActiveCfg = Release|Any CPU
		{7D1914B0-3D37-4E90-B5EB-C697ECBD36C1}.Release|Any CPU.Build.0 = Release|Any CPU
		{DC5EACF0-A8A1-4D85-B405-6745B9D8BEAF}.Debug|Any CPU.ActiveCfg = Debug|Any CPU
		{DC5EACF0-A8A1-4D85-B405-6745B9D8BEAF}.Debug|Any CPU.Build.0 = Debug|Any CPU
		{DC5EACF0-A8A1-4D85-B405-6745B9D8BEAF}.Release|Any CPU.ActiveCfg = Release|Any CPU
		{DC5EACF0-A8A1-4D85-B405-6745B9D8BEAF}.Release|Any CPU.Build.0 = Release|Any CPU
	EndGlobalSection
	GlobalSection(SolutionProperties) = preSolution
		HideSolutionNode = FALSE
	EndGlobalSection
	GlobalSection(ExtensibilityGlobals) = postSolution
		SolutionGuid = {0F32F089-7B95-4320-BC76-7C3849BDCFAF}
	EndGlobalSection
EndGlobal
